
Microsoft Visual Studio Solution File, Format Version 12.00
# Visual Studio 15
VisualStudioVersion = 15.0.28307.779
MinimumVisualStudioVersion = 10.0.40219.1
Project("{FAE04EC0-301F-11D3-BF4B-00C04F79EFBC}") = "SocketServer", "SocketServer\SocketServer.csproj", "{5F267CC9-0285-4C49-BAD2-DFAA5D9AFC4A}"
EndProject
Project("{FAE04EC0-301F-11D3-BF4B-00C04F79EFBC}") = "SocketClient", "..\SocketClient\SocketClient.csproj", "{23F1B018-1934-4B04-8756-E3F755583BDF}"
EndProject
Global
	GlobalSection(SolutionConfigurationPlatforms) = preSolution
		Debug|Any CPU = Debug|Any CPU
		Release|Any CPU = Release|Any CPU
	EndGlobalSection
	GlobalSection(ProjectConfigurationPlatforms) = postSolution
		{5F267CC9-0285-4C49-BAD2-DFAA5D9AFC4A}.Debug|Any CPU.ActiveCfg = Debug|Any CPU
		{5F267CC9-0285-4C49-BAD2-DFAA5D9AFC4A}.Debug|Any CPU.Build.0 = Debug|Any CPU
		{5F267CC9-0285-4C49-BAD2-DFAA5D9AFC4A}.Release|Any CPU.ActiveCfg = Release|Any CPU
		{5F267CC9-0285-4C49-BAD2-DFAA5D9AFC4A}.Release|Any CPU.Build.0 = Release|Any CPU
		{23F1B018-1934-4B04-8756-E3F755583BDF}.Debug|Any CPU.ActiveCfg = Debug|Any CPU
		{23F1B018-1934-4B04-8756-E3F755583BDF}.Debug|Any CPU.Build.0 = Debug|Any CPU
		{23F1B018-1934-4B04-8756-E3F755583BDF}.Release|Any CPU.ActiveCfg = Release|Any CPU
		{23F1B018-1934-4B04-8756-E3F755583BDF}.Release|Any CPU.Build.0 = Release|Any CPU
	EndGlobalSection
	GlobalSection(SolutionProperties) = preSolution
		HideSolutionNode = FALSE
	EndGlobalSection
	GlobalSection(ExtensibilityGlobals) = postSolution
		SolutionGuid = {91E6B4E5-A128-4685-9309-532871356463}
	EndGlobalSection
EndGlobal
